// !$*UTF8*$!
{
	archiveVersion = 1;
	classes = {
	};
	objectVersion = 55;
	objects = {

/* Begin PBXBuildFile section */
		D996731C287C7188004951B0 /* EmojiArtApp.swift in Sources */ = {isa = PBXBuildFile; fileRef = D996731B287C7188004951B0 /* EmojiArtApp.swift */; };
		D996731E287C7188004951B0 /* EmojiArtDocumentView.swift in Sources */ = {isa = PBXBuildFile; fileRef = D996731D287C7188004951B0 /* EmojiArtDocumentView.swift */; };
		D9967320287C718C004951B0 /* Assets.xcassets in Resources */ = {isa = PBXBuildFile; fileRef = D996731F287C718C004951B0 /* Assets.xcassets */; };
		D9967323287C718C004951B0 /* Preview Assets.xcassets in Resources */ = {isa = PBXBuildFile; fileRef = D9967322287C718C004951B0 /* Preview Assets.xcassets */; };
		D996732E287DB20C004951B0 /* EmojiArtModel.swift in Sources */ = {isa = PBXBuildFile; fileRef = D996732D287DB20C004951B0 /* EmojiArtModel.swift */; };
		D9967330287DB298004951B0 /* EmojiArtModel.Background.swift in Sources */ = {isa = PBXBuildFile; fileRef = D996732F287DB298004951B0 /* EmojiArtModel.Background.swift */; };
		D9967332287DB3B9004951B0 /* EmojiArtDocument.swift in Sources */ = {isa = PBXBuildFile; fileRef = D9967331287DB3B9004951B0 /* EmojiArtDocument.swift */; };
		D9967334287DB45E004951B0 /* UtilityExtensions.swift in Sources */ = {isa = PBXBuildFile; fileRef = D9967333287DB45E004951B0 /* UtilityExtensions.swift */; };
		D9967336287DB464004951B0 /* UtilityViews.swift in Sources */ = {isa = PBXBuildFile; fileRef = D9967335287DB464004951B0 /* UtilityViews.swift */; };
		D9967338287DF2BC004951B0 /* PaletteStore.swift in Sources */ = {isa = PBXBuildFile; fileRef = D9967337287DF2BC004951B0 /* PaletteStore.swift */; };
		D996733A287DFB6A004951B0 /* PaletteChooser.swift in Sources */ = {isa = PBXBuildFile; fileRef = D9967339287DFB6A004951B0 /* PaletteChooser.swift */; };
		D996733C287F2B40004951B0 /* PaletteManager.swift in Sources */ = {isa = PBXBuildFile; fileRef = D996733B287F2B40004951B0 /* PaletteManager.swift */; };
		D996733E287F2BB8004951B0 /* PaletteEditor.swift in Sources */ = {isa = PBXBuildFile; fileRef = D996733D287F2BB8004951B0 /* PaletteEditor.swift */; };
/* End PBXBuildFile section */

/* Begin PBXFileReference section */
		D984B5E728859A3700F5FACF /* Info.plist */ = {isa = PBXFileReference; lastKnownFileType = text.plist; path = Info.plist; sourceTree = "<group>"; };
		D9967318287C7188004951B0 /* EmojiArt.app */ = {isa = PBXFileReference; explicitFileType = wrapper.application; includeInIndex = 0; path = EmojiArt.app; sourceTree = BUILT_PRODUCTS_DIR; };
		D996731B287C7188004951B0 /* EmojiArtApp.swift */ = {isa = PBXFileReference; lastKnownFileType = sourcecode.swift; path = EmojiArtApp.swift; sourceTree = "<group>"; };
		D996731D287C7188004951B0 /* EmojiArtDocumentView.swift */ = {isa = PBXFileReference; lastKnownFileType = sourcecode.swift; path = EmojiArtDocumentView.swift; sourceTree = "<group>"; };
		D996731F287C718C004951B0 /* Assets.xcassets */ = {isa = PBXFileReference; lastKnownFileType = folder.assetcatalog; path = Assets.xcassets; sourceTree = "<group>"; };
		D9967322287C718C004951B0 /* Preview Assets.xcassets */ = {isa = PBXFileReference; lastKnownFileType = folder.assetcatalog; path = "Preview Assets.xcassets"; sourceTree = "<group>"; };
		D996732D287DB20C004951B0 /* EmojiArtModel.swift */ = {isa = PBXFileReference; fileEncoding = 4; lastKnownFileType = sourcecode.swift; name = EmojiArtModel.swift; path = ../../../Downloads/EmojiArtL10/EmojiArt/EmojiArtModel.swift; sourceTree = "<group>"; };
		D996732F287DB298004951B0 /* EmojiArtModel.Background.swift */ = {isa = PBXFileReference; fileEncoding = 4; lastKnownFileType = sourcecode.swift; name = EmojiArtModel.Background.swift; path = ../../../Downloads/EmojiArtL10/EmojiArt/EmojiArtModel.Background.swift; sourceTree = "<group>"; };
		D9967331287DB3B9004951B0 /* EmojiArtDocument.swift */ = {isa = PBXFileReference; fileEncoding = 4; lastKnownFileType = sourcecode.swift; name = EmojiArtDocument.swift; path = ../../../.Trash/EmojiArtDocument.swift; sourceTree = "<group>"; };
		D9967333287DB45E004951B0 /* UtilityExtensions.swift */ = {isa = PBXFileReference; fileEncoding = 4; lastKnownFileType = sourcecode.swift; name = UtilityExtensions.swift; path = ../../../Downloads/EmojiArtL10/EmojiArt/UtilityExtensions.swift; sourceTree = "<group>"; };
		D9967335287DB464004951B0 /* UtilityViews.swift */ = {isa = PBXFileReference; fileEncoding = 4; lastKnownFileType = sourcecode.swift; name = UtilityViews.swift; path = ../../../Downloads/EmojiArtL10/EmojiArt/UtilityViews.swift; sourceTree = "<group>"; };
		D9967337287DF2BC004951B0 /* PaletteStore.swift */ = {isa = PBXFileReference; lastKnownFileType = sourcecode.swift; path = PaletteStore.swift; sourceTree = "<group>"; };
		D9967339287DFB6A004951B0 /* PaletteChooser.swift */ = {isa = PBXFileReference; lastKnownFileType = sourcecode.swift; path = PaletteChooser.swift; sourceTree = "<group>"; };
		D996733B287F2B40004951B0 /* PaletteManager.swift */ = {isa = PBXFileReference; lastKnownFileType = sourcecode.swift; path = PaletteManager.swift; sourceTree = "<group>"; };
		D996733D287F2BB8004951B0 /* PaletteEditor.swift */ = {isa = PBXFileReference; lastKnownFileType = sourcecode.swift; path = PaletteEditor.swift; sourceTree = "<group>"; };
/* End PBXFileReference section */

/* Begin PBXFrameworksBuildPhase section */
		D9967315287C7187004951B0 /* Frameworks */ = {
			isa = PBXFrameworksBuildPhase;
			buildActionMask = 2147483647;
			files = (
			);
			runOnlyForDeploymentPostprocessing = 0;
		};
/* End PBXFrameworksBuildPhase section */

/* Begin PBXGroup section */
		D996730F287C7187004951B0 = {
			isa = PBXGroup;
			children = (
				D996731A287C7188004951B0 /* EmojiArt */,
				D9967319287C7188004951B0 /* Products */,
			);
			sourceTree = "<group>";
		};
		D9967319287C7188004951B0 /* Products */ = {
			isa = PBXGroup;
			children = (
				D9967318287C7188004951B0 /* EmojiArt.app */,
			);
			name = Products;
			sourceTree = "<group>";
		};
		D996731A287C7188004951B0 /* EmojiArt */ = {
			isa = PBXGroup;
			children = (
				D984B5E728859A3700F5FACF /* Info.plist */,
				D996731B287C7188004951B0 /* EmojiArtApp.swift */,
				D9967337287DF2BC004951B0 /* PaletteStore.swift */,
				D996733B287F2B40004951B0 /* PaletteManager.swift */,
				D996733D287F2BB8004951B0 /* PaletteEditor.swift */,
				D996732D287DB20C004951B0 /* EmojiArtModel.swift */,
				D996731D287C7188004951B0 /* EmojiArtDocumentView.swift */,
				D9967339287DFB6A004951B0 /* PaletteChooser.swift */,
				D996732F287DB298004951B0 /* EmojiArtModel.Background.swift */,
				D9967331287DB3B9004951B0 /* EmojiArtDocument.swift */,
				D9967333287DB45E004951B0 /* UtilityExtensions.swift */,
				D9967335287DB464004951B0 /* UtilityViews.swift */,
				D996731F287C718C004951B0 /* Assets.xcassets */,
				D9967321287C718C004951B0 /* Preview Content */,
			);
			path = EmojiArt;
			sourceTree = "<group>";
		};
		D9967321287C718C004951B0 /* Preview Content */ = {
			isa = PBXGroup;
			children = (
				D9967322287C718C004951B0 /* Preview Assets.xcassets */,
			);
			path = "Preview Content";
			sourceTree = "<group>";
		};
/* End PBXGroup section */

/* Begin PBXNativeTarget section */
		D9967317287C7187004951B0 /* EmojiArt */ = {
			isa = PBXNativeTarget;
			buildConfigurationList = D9967326287C718C004951B0 /* Build configuration list for PBXNativeTarget "EmojiArt" */;
			buildPhases = (
				D9967314287C7187004951B0 /* Sources */,
				D9967315287C7187004951B0 /* Frameworks */,
				D9967316287C7187004951B0 /* Resources */,
			);
			buildRules = (
			);
			dependencies = (
			);
			name = EmojiArt;
			productName = EmojiArt;
			productReference = D9967318287C7188004951B0 /* EmojiArt.app */;
			productType = "com.apple.product-type.application";
		};
/* End PBXNativeTarget section */

/* Begin PBXProject section */
		D9967310287C7187004951B0 /* Project object */ = {
			isa = PBXProject;
			attributes = {
				BuildIndependentTargetsInParallel = 1;
				LastSwiftUpdateCheck = 1340;
				LastUpgradeCheck = 1340;
				TargetAttributes = {
					D9967317287C7187004951B0 = {
						CreatedOnToolsVersion = 13.4.1;
					};
				};
			};
			buildConfigurationList = D9967313287C7187004951B0 /* Build configuration list for PBXProject "EmojiArt" */;
			compatibilityVersion = "Xcode 13.0";
			developmentRegion = en;
			hasScannedForEncodings = 0;
			knownRegions = (
				en,
				Base,
			);
			mainGroup = D996730F287C7187004951B0;
			productRefGroup = D9967319287C7188004951B0 /* Products */;
			projectDirPath = "";
			projectRoot = "";
			targets = (
				D9967317287C7187004951B0 /* EmojiArt */,
			);
		};
/* End PBXProject section */

/* Begin PBXResourcesBuildPhase section */
		D9967316287C7187004951B0 /* Resources */ = {
			isa = PBXResourcesBuildPhase;
			buildActionMask = 2147483647;
			files = (
				D9967323287C718C004951B0 /* Preview Assets.xcassets in Resources */,
				D9967320287C718C004951B0 /* Assets.xcassets in Resources */,
			);
			runOnlyForDeploymentPostprocessing = 0;
		};
/* End PBXResourcesBuildPhase section */

/* Begin PBXSourcesBuildPhase section */
		D9967314287C7187004951B0 /* Sources */ = {
			isa = PBXSourcesBuildPhase;
			buildActionMask = 2147483647;
			files = (
				D9967336287DB464004951B0 /* UtilityViews.swift in Sources */,
				D9967338287DF2BC004951B0 /* PaletteStore.swift in Sources */,
				D996731E287C7188004951B0 /* EmojiArtDocumentView.swift in Sources */,
				D996733C287F2B40004951B0 /* PaletteManager.swift in Sources */,
				D996731C287C7188004951B0 /* EmojiArtApp.swift in Sources */,
				D9967334287DB45E004951B0 /* UtilityExtensions.swift in Sources */,
				D996733E287F2BB8004951B0 /* PaletteEditor.swift in Sources */,
				D9967332287DB3B9004951B0 /* EmojiArtDocument.swift in Sources */,
				D996732E287DB20C004951B0 /* EmojiArtModel.swift in Sources */,
				D9967330287DB298004951B0 /* EmojiArtModel.Background.swift in Sources */,
				D996733A287DFB6A004951B0 /* PaletteChooser.swift in Sources */,
			);
			runOnlyForDeploymentPostprocessing = 0;
		};
/* End PBXSourcesBuildPhase section */

/* Begin XCBuildConfiguration section */
		D9967324287C718C004951B0 /* Debug */ = {
			isa = XCBuildConfiguration;
			buildSettings = {
				ALWAYS_SEARCH_USER_PATHS = NO;
				CLANG_ANALYZER_NONNULL = YES;
				CLANG_ANALYZER_NUMBER_OBJECT_CONVERSION = YES_AGGRESSIVE;
				CLANG_CXX_LANGUAGE_STANDARD = "gnu++17";
				CLANG_ENABLE_MODULES = YES;
				CLANG_ENABLE_OBJC_ARC = YES;
				CLANG_ENABLE_OBJC_WEAK = YES;
				CLANG_WARN_BLOCK_CAPTURE_AUTORELEASING = YES;
				CLANG_WARN_BOOL_CONVERSION = YES;
				CLANG_WARN_COMMA = YES;
				CLANG_WARN_CONSTANT_CONVERSION = YES;
				CLANG_WARN_DEPRECATED_OBJC_IMPLEMENTATIONS = YES;
				CLANG_WARN_DIRECT_OBJC_ISA_USAGE = YES_ERROR;
				CLANG_WARN_DOCUMENTATION_COMMENTS = YES;
				CLANG_WARN_EMPTY_BODY = YES;
				CLANG_WARN_ENUM_CONVERSION = YES;
				CLANG_WARN_INFINITE_RECURSION = YES;
				CLANG_WARN_INT_CONVERSION = YES;
				CLANG_WARN_NON_LITERAL_NULL_CONVERSION = YES;
				CLANG_WARN_OBJC_IMPLICIT_RETAIN_SELF = YES;
				CLANG_WARN_OBJC_LITERAL_CONVERSION = YES;
				CLANG_WARN_OBJC_ROOT_CLASS = YES_ERROR;
				CLANG_WARN_QUOTED_INCLUDE_IN_FRAMEWORK_HEADER = YES;
				CLANG_WARN_RANGE_LOOP_ANALYSIS = YES;
				CLANG_WARN_STRICT_PROTOTYPES = YES;
				CLANG_WARN_SUSPICIOUS_MOVE = YES;
				CLANG_WARN_UNGUARDED_AVAILABILITY = YES_AGGRESSIVE;
				CLANG_WARN_UNREACHABLE_CODE = YES;
				CLANG_WARN__DUPLICATE_METHOD_MATCH = YES;
				COPY_PHASE_STRIP = NO;
				DEBUG_INFORMATION_FORMAT = dwarf;
				ENABLE_STRICT_OBJC_MSGSEND = YES;
				ENABLE_TESTABILITY = YES;
				GCC_C_LANGUAGE_STANDARD = gnu11;
				GCC_DYNAMIC_NO_PIC = NO;
				GCC_NO_COMMON_BLOCKS = YES;
				GCC_OPTIMIZATION_LEVEL = 0;
				GCC_PREPROCESSOR_DEFINITIONS = (
					"DEBUG=1",
					"$(inherited)",
				);
				GCC_WARN_64_TO_32_BIT_CONVERSION = YES;
				GCC_WARN_ABOUT_RETURN_TYPE = YES_ERROR;
				GCC_WARN_UNDECLARED_SELECTOR = YES;
				GCC_WARN_UNINITIALIZED_AUTOS = YES_AGGRESSIVE;
				GCC_WARN_UNUSED_FUNCTION = YES;
				GCC_WARN_UNUSED_VARIABLE = YES;
				IPHONEOS_DEPLOYMENT_TARGET = 15.5;
				MTL_ENABLE_DEBUG_INFO = INCLUDE_SOURCE;
				MTL_FAST_MATH = YES;
				ONLY_ACTIVE_ARCH = YES;
				SDKROOT = iphoneos;
				SWIFT_ACTIVE_COMPILATION_CONDITIONS = DEBUG;
				SWIFT_OPTIMIZATION_LEVEL = "-Onone";
			};
			name = Debug;
		};
		D9967325287C718C004951B0 /* Release */ = {
			isa = XCBuildConfiguration;
			buildSettings = {
				ALWAYS_SEARCH_USER_PATHS = NO;
				CLANG_ANALYZER_NONNULL = YES;
				CLANG_ANALYZER_NUMBER_OBJECT_CONVERSION = YES_AGGRESSIVE;
				CLANG_CXX_LANGUAGE_STANDARD = "gnu++17";
				CLANG_ENABLE_MODULES = YES;
				CLANG_ENABLE_OBJC_ARC = YES;
				CLANG_ENABLE_OBJC_WEAK = YES;
				CLANG_WARN_BLOCK_CAPTURE_AUTORELEASING = YES;
				CLANG_WARN_BOOL_CONVERSION = YES;
				CLANG_WARN_COMMA = YES;
				CLANG_WARN_CONSTANT_CONVERSION = YES;
				CLANG_WARN_DEPRECATED_OBJC_IMPLEMENTATIONS = YES;
				CLANG_WARN_DIRECT_OBJC_ISA_USAGE = YES_ERROR;
				CLANG_WARN_DOCUMENTATION_COMMENTS = YES;
				CLANG_WARN_EMPTY_BODY = YES;
				CLANG_WARN_ENUM_CONVERSION = YES;
				CLANG_WARN_INFINITE_RECURSION = YES;
				CLANG_WARN_INT_CONVERSION = YES;
				CLANG_WARN_NON_LITERAL_NULL_CONVERSION = YES;
				CLANG_WARN_OBJC_IMPLICIT_RETAIN_SELF = YES;
				CLANG_WARN_OBJC_LITERAL_CONVERSION = YES;
				CLANG_WARN_OBJC_ROOT_CLASS = YES_ERROR;
				CLANG_WARN_QUOTED_INCLUDE_IN_FRAMEWORK_HEADER = YES;
				CLANG_WARN_RANGE_LOOP_ANALYSIS = YES;
				CLANG_WARN_STRICT_PROTOTYPES = YES;
				CLANG_WARN_SUSPICIOUS_MOVE = YES;
				CLANG_WARN_UNGUARDED_AVAILABILITY = YES_AGGRESSIVE;
				CLANG_WARN_UNREACHABLE_CODE = YES;
				CLANG_WARN__DUPLICATE_METHOD_MATCH = YES;
				COPY_PHASE_STRIP = NO;
				DEBUG_INFORMATION_FORMAT = "dwarf-with-dsym";
				ENABLE_NS_ASSERTIONS = NO;
				ENABLE_STRICT_OBJC_MSGSEND = YES;
				GCC_C_LANGUAGE_STANDARD = gnu11;
				GCC_NO_COMMON_BLOCKS = YES;
				GCC_WARN_64_TO_32_BIT_CONVERSION = YES;
				GCC_WARN_ABOUT_RETURN_TYPE = YES_ERROR;
				GCC_WARN_UNDECLARED_SELECTOR = YES;
				GCC_WARN_UNINITIALIZED_AUTOS = YES_AGGRESSIVE;
				GCC_WARN_UNUSED_FUNCTION = YES;
				GCC_WARN_UNUSED_VARIABLE = YES;
				IPHONEOS_DEPLOYMENT_TARGET = 15.5;
				MTL_ENABLE_DEBUG_INFO = NO;
				MTL_FAST_MATH = YES;
				SDKROOT = iphoneos;
				SWIFT_COMPILATION_MODE = wholemodule;
				SWIFT_OPTIMIZATION_LEVEL = "-O";
				VALIDATE_PRODUCT = YES;
			};
			name = Release;
		};
		D9967327287C718C004951B0 /* Debug */ = {
			isa = XCBuildConfiguration;
			buildSettings = {
				ASSETCATALOG_COMPILER_APPICON_NAME = EmojiArtIcon;
				ASSETCATALOG_COMPILER_GLOBAL_ACCENT_COLOR_NAME = AccentColor;
				CODE_SIGN_STYLE = Automatic;
				CURRENT_PROJECT_VERSION = 1;
				DEVELOPMENT_ASSET_PATHS = "\"EmojiArt/Preview Content\"";
				DEVELOPMENT_TEAM = HCJ8Q4Z695;
				ENABLE_PREVIEWS = YES;
				GENERATE_INFOPLIST_FILE = YES;
				INFOPLIST_FILE = EmojiArt/Info.plist;
				INFOPLIST_KEY_UIApplicationSceneManifest_Generation = YES;
				INFOPLIST_KEY_UIApplicationSupportsIndirectInputEvents = YES;
				INFOPLIST_KEY_UILaunchScreen_Generation = YES;
				INFOPLIST_KEY_UISupportedInterfaceOrientations_iPad = "UIInterfaceOrientationPortrait UIInterfaceOrientationPortraitUpsideDown UIInterfaceOrientationLandscapeLeft UIInterfaceOrientationLandscapeRight";
				INFOPLIST_KEY_UISupportedInterfaceOrientations_iPhone = "UIInterfaceOrientationPortrait UIInterfaceOrientationLandscapeLeft UIInterfaceOrientationLandscapeRight";
				LD_RUNPATH_SEARCH_PATHS = (
					"$(inherited)",
					"@executable_path/Frameworks",
				);
				MARKETING_VERSION = 1.0;
				PRODUCT_BUNDLE_IDENTIFIER = sasha.EmojiArt;
				PRODUCT_NAME = "$(TARGET_NAME)";
				SWIFT_EMIT_LOC_STRINGS = YES;
				SWIFT_VERSION = 5.0;
				TARGETED_DEVICE_FAMILY = "1,2";
			};
			name = Debug;
		};
		D9967328287C718C004951B0 /* Release */ = {
			isa = XCBuildConfiguration;
			buildSettings = {
				ASSETCATALOG_COMPILER_APPICON_NAME = EmojiArtIcon;
				ASSETCATALOG_COMPILER_GLOBAL_ACCENT_COLOR_NAME = AccentColor;
				CODE_SIGN_STYLE = Automatic;
				CURRENT_PROJECT_VERSION = 1;
				DEVELOPMENT_ASSET_PATHS = "\"EmojiArt/Preview Content\"";
				DEVELOPMENT_TEAM = HCJ8Q4Z695;
				ENABLE_PREVIEWS = YES;
				GENERATE_INFOPLIST_FILE = YES;
				INFOPLIST_FILE = EmojiArt/Info.plist;
				INFOPLIST_KEY_UIApplicationSceneManifest_Generation = YES;
				INFOPLIST_KEY_UIApplicationSupportsIndirectInputEvents = YES;
				INFOPLIST_KEY_UILaunchScreen_Generation = YES;
				INFOPLIST_KEY_UISupportedInterfaceOrientations_iPad = "UIInterfaceOrientationPortrait UIInterfaceOrientationPortraitUpsideDown UIInterfaceOrientationLandscapeLeft UIInterfaceOrientationLandscapeRight";
				INFOPLIST_KEY_UISupportedInterfaceOrientations_iPhone = "UIInterfaceOrientationPortrait UIInterfaceOrientationLandscapeLeft UIInterfaceOrientationLandscapeRight";
				LD_RUNPATH_SEARCH_PATHS = (
					"$(inherited)",
					"@executable_path/Frameworks",
				);
				MARKETING_VERSION = 1.0;
				PRODUCT_BUNDLE_IDENTIFIER = sasha.EmojiArt;
				PRODUCT_NAME = "$(TARGET_NAME)";
				SWIFT_EMIT_LOC_STRINGS = YES;
				SWIFT_VERSION = 5.0;
				TARGETED_DEVICE_FAMILY = "1,2";
			};
			name = Release;
		};
/* End XCBuildConfiguration section */

/* Begin XCConfigurationList section */
		D9967313287C7187004951B0 /* Build configuration list for PBXProject "EmojiArt" */ = {
			isa = XCConfigurationList;
			buildConfigurations = (
				D9967324287C718C004951B0 /* Debug */,
				D9967325287C718C004951B0 /* Release */,
			);
			defaultConfigurationIsVisible = 0;
			defaultConfigurationName = Release;
		};
		D9967326287C718C004951B0 /* Build configuration list for PBXNativeTarget "EmojiArt" */ = {
			isa = XCConfigurationList;
			buildConfigurations = (
				D9967327287C718C004951B0 /* Debug */,
				D9967328287C718C004951B0 /* Release */,
			);
			defaultConfigurationIsVisible = 0;
			defaultConfigurationName = Release;
		};
/* End XCConfigurationList section */
	};
	rootObject = D9967310287C7187004951B0 /* Project object */;
}
